<?xml version="1.0" encoding="utf-8"?>
<Project ToolsVersion="4.0" xmlns="http://schemas.microsoft.com/developer/msbuild/2003">
  <ItemGroup>
    <Filter Include="Source Files">
      <UniqueIdentifier>{4FC737F1-C7A5-4376-A066-2A32D752A2FF}</UniqueIdentifier>
      <Extensions>cpp;c;cc;cxx;def;odl;idl;hpj;bat;asm;asmx</Extensions>
    </Filter>
    <Filter Include="Header Files">
      <UniqueIdentifier>{93995380-89BD-4b04-88EB-625FBE52EBFB}</UniqueIdentifier>
      <Extensions>h;hh;hpp;hxx;hm;inl;inc;xsd</Extensions>
    </Filter>
    <Filter Include="Resource Files">
      <UniqueIdentifier>{67DA6AB6-F800-4c08-8B7A-83BB121AAD01}</UniqueIdentifier>
      <Extensions>qrc;rc;ico;cur;bmp;dlg;rc2;rct;bin;rgs;gif;jpg;jpeg;jpe;resx;tiff;tif;png;wav;mfcribbon-ms</Extensions>
    </Filter>
    <Filter Include="Form Files">
      <UniqueIdentifier>{99349809-55BA-4b9d-BF79-8FDBB0286EB3}</UniqueIdentifier>
      <Extensions>ui</Extensions>
    </Filter>
    <Filter Include="Translation Files">
      <UniqueIdentifier>{639EADAA-A684-42e4-A9AD-28FC9BCB8F7C}</UniqueIdentifier>
      <Extensions>ts</Extensions>
    </Filter>
  </ItemGroup>
  <ItemGroup>
    <QtRcc Include="QtObjects\Views\QtRenderView.qrc">
      <Filter>Resource Files</Filter>
    </QtRcc>
    <QtUic Include="QtObjects\Views\QtRenderView.ui">
      <Filter>Form Files</Filter>
    </QtUic>
  </ItemGroup>
  <ItemGroup>
    <ClCompile Include="main.cpp">
      <Filter>Source Files</Filter>
    </ClCompile>
    <ClCompile Include="Logging\Logging.cpp">
      <Filter>Source Files</Filter>
    </ClCompile>
    <ClCompile Include="Rldx\Rendering\DXSwapChain.cpp">
      <Filter>Source Files</Filter>
    </ClCompile>
    <ClCompile Include="Rldx\SceneGraph\NodeTransform\NodeTransform.cpp">
      <Filter>Source Files</Filter>
    </ClCompile>
    <ClCompile Include="Rldx\Managers\ResourceManager\NoCaseUMapCompare.h">
      <Filter>Source Files</Filter>
    </ClCompile>
    <ClCompile Include="QtObjects\Views\QtRenderView.cpp">
      <Filter>Source Files</Filter>
    </ClCompile>
    <ClCompile Include="Rldx\ShaderLoadingHelpers\ShaderLoadingHelpers.cpp">
      <Filter>Source Files</Filter>
    </ClCompile>
    <ClCompile Include="Rldx\DataTypes\ShaderFiles.cpp">
      <Filter>Source Files</Filter>
    </ClCompile>
    <ClCompile Include="Rldx\SceneGraph\Helpers\SceneGraphParser.cpp">
      <Filter>Source Files</Filter>
    </ClCompile>
    <ClCompile Include="Rldx\SceneGraph\SceneGraph.cpp">
      <Filter>Source Files</Filter>
    </ClCompile>
    <ClCompile Include="Rldx\Interfaces\TIdentifiable.cpp">
      <Filter>Source Files</Filter>
    </ClCompile>
    <ClCompile Include="ExternFunctions\Creators.cpp">
      <Filter>Source Files</Filter>
    </ClCompile>
    <ClCompile Include="QtObjects\Controllers\QtRenderController.cpp">
      <Filter>Source Files</Filter>
    </ClCompile>
  </ItemGroup>
  <ItemGroup>
    <ClInclude Include="Logging\Logging.h">
      <Filter>Header Files</Filter>
    </ClInclude>
    <ClInclude Include="Rldx\Rendering\DXSwapChain.h">
      <Filter>Header Files</Filter>
    </ClInclude>
    <ClInclude Include="Rldx\SceneGraph\NodeTransform\NodeTransform.h">
      <Filter>Header Files</Filter>
    </ClInclude>
    <ClInclude Include="Common\TSmartPointer.h">
      <Filter>Header Files</Filter>
    </ClInclude>
    <ClInclude Include="Rldx\DataTypes\ConstBuffers\CPUConstBuffers.h">
      <Filter>Header Files</Filter>
    </ClInclude>
    <ClInclude Include="Rldx\ShaderLoadingHelpers\ShaderLoadingHelpers.h">
      <Filter>Header Files</Filter>
    </ClInclude>
    <ClInclude Include="Rldx\DataTypes\ShaderFiles.h">
      <Filter>Header Files</Filter>
    </ClInclude>
    <ClInclude Include="Rldx\Helpers\MathHelper.h">
      <Filter>Header Files</Filter>
    </ClInclude>
    <ClInclude Include="Rldx\DxObjects\MyOrbitalCamera.h">
      <Filter>Header Files</Filter>
    </ClInclude>
    <ClInclude Include="Rldx\Interfaces\IResizable.h">
      <Filter>Header Files</Filter>
    </ClInclude>
    <ClInclude Include="Rldx\Interfaces\TIdentifiable.h">
      <Filter>Header Files</Filter>
    </ClInclude>
    <ClInclude Include="Rldx\Interfaces\IDrawable.h">
      <Filter>Header Files</Filter>
    </ClInclude>
    <ClInclude Include="Rldx\SceneGraph\Helpers\SceneGraphParser.h">
      <Filter>Header Files</Filter>
    </ClInclude>
    <ClInclude Include="Rldx\SceneGraph\SceneGraph.h">
      <Filter>Header Files</Filter>
    </ClInclude>
    <ClInclude Include="Rldx\Interfaces\IUpdateable.h">
      <Filter>Header Files</Filter>
    </ClInclude>
    <ClInclude Include="Rldx\Interfaces\IFlushable.h">
      <Filter>Header Files</Filter>
    </ClInclude>
    <ClInclude Include="Rldx\Interfaces\IRenderBucket.h">
      <Filter>Header Files</Filter>
    </ClInclude>
    <ClInclude Include="Rldx\Interfaces\IBindable.h">
      <Filter>Header Files</Filter>
    </ClInclude>
    <ClInclude Include="Rldx\DataTypes\DerformerData.h">
      <Filter>Header Files</Filter>
    </ClInclude>
    <ClInclude Include="ExternFunctions\Creators.h">
      <Filter>Header Files</Filter>
    </ClInclude>
    <ClInclude Include="Rldx\Interfaces\IRenderQueueItem.h">
      <Filter>Header Files</Filter>
    </ClInclude>
    <ClInclude Include="Rldx\DataTypes\CommonVertex.h">
      <Filter>Header Files</Filter>
    </ClInclude>
    <ClInclude Include="Rldx\DataTypes\ConstBuffers\CPU_VS_ConstBuffers.h">
      <Filter>Header Files</Filter>
    </ClInclude>
    <ClInclude Include="Rldx\DataTypes\ConstBuffers\CPU_PS_ConstBuffers.h">
      <Filter>Header Files</Filter>
    </ClInclude>
    <ClInclude Include="Rldx\DataTypes\ConstBuffers\Defs.h">
      <Filter>Header Files</Filter>
    </ClInclude>
    <ClInclude Include="ExternFunctions\Callbacks.h">
      <Filter>Header Files</Filter>
    </ClInclude>
  </ItemGroup>
  <ItemGroup>
    <None Include="myfile.spritefont" />
    <None Include="Logging\Inl\WinConsoleColors.inl">
      <Filter>Header Files</Filter>
    </None>
    <None Include="Logging\Inl\ConsoleColors.inl">
      <Filter>Header Files</Filter>
    </None>
    <None Include="packages.config" />
    <None Include="NOT.editorconfig" />
    <None Include="cpp.hint" />
  </ItemGroup>
  <ItemGroup>
    <QtMoc Include="QtObjects\Views\QtRenderView.h">
      <Filter>Header Files</Filter>
    </QtMoc>
    <QtMoc Include="QtObjects\Controllers\QtRenderController.h">
      <Filter>Header Files</Filter>
    </QtMoc>
  </ItemGroup>
  <ItemGroup>
    <Image Include="Rldx\RenderResources\Textures\CubeMaps\CubemapIBLDiffuse.dds" />
    <Image Include="Rldx\RenderResources\Textures\CubeMaps\CubemapIBLSpecular.dds" />
  </ItemGroup>
</Project>