<?xml version="1.0" encoding="utf-8"?>
<Project ToolsVersion="4.0" xmlns="http://schemas.microsoft.com/developer/msbuild/2003">
  <ItemGroup>
    <Filter Include="Source Files">
      <UniqueIdentifier>{4FC737F1-C7A5-4376-A066-2A32D752A2FF}</UniqueIdentifier>
      <Extensions>cpp;c;cc;cxx;c++;cppm;ixx;def;odl;idl;hpj;bat;asm;asmx</Extensions>
    </Filter>
    <Filter Include="Header Files">
      <UniqueIdentifier>{93995380-89BD-4b04-88EB-625FBE52EBFB}</UniqueIdentifier>
      <Extensions>h;hh;hpp;hxx;h++;hm;inl;inc;ipp;xsd</Extensions>
    </Filter>
    <Filter Include="Resource Files">
      <UniqueIdentifier>{67DA6AB6-F800-4c08-8B7A-83BB121AAD01}</UniqueIdentifier>
      <Extensions>rc;ico;cur;bmp;dlg;rc2;rct;bin;rgs;gif;jpg;jpeg;jpe;resx;tiff;tif;png;wav;mfcribbon-ms</Extensions>
    </Filter>
  </ItemGroup>
  <ItemGroup>
    <ClInclude Include="DataTypes\CommonVertex.h">
      <Filter>Header Files</Filter>
    </ClInclude>
    <ClInclude Include="DataTypes\ConstBuffers\CPUConstBuffers.h">
      <Filter>Header Files</Filter>
    </ClInclude>
    <ClInclude Include="DataTypes\ConstBuffers\CPU_PS_ConstBuffers.h">
      <Filter>Header Files</Filter>
    </ClInclude>
    <ClInclude Include="DataTypes\ConstBuffers\CPU_VS_ConstBuffers.h">
      <Filter>Header Files</Filter>
    </ClInclude>
    <ClInclude Include="DataTypes\ConstBuffers\Defs.h">
      <Filter>Header Files</Filter>
    </ClInclude>
    <ClInclude Include="DataTypes\DerformerData.h">
      <Filter>Header Files</Filter>
    </ClInclude>
    <ClInclude Include="DataTypes\DxMeshData.h">
      <Filter>Header Files</Filter>
    </ClInclude>
    <ClInclude Include="DataTypes\ShaderFiles.h">
      <Filter>Header Files</Filter>
    </ClInclude>
    <ClInclude Include="Helpers\DxMeshCreator.h">
      <Filter>Header Files</Filter>
    </ClInclude>
    <ClInclude Include="Helpers\MathHelper.h">
      <Filter>Header Files</Filter>
    </ClInclude>
    <ClInclude Include="Interfaces\IBindable.h">
      <Filter>Header Files</Filter>
    </ClInclude>
    <ClInclude Include="Interfaces\IDrawable.h">
      <Filter>Header Files</Filter>
    </ClInclude>
    <ClInclude Include="Interfaces\IFlushable.h">
      <Filter>Header Files</Filter>
    </ClInclude>
    <ClInclude Include="Interfaces\IRenderBucket.h">
      <Filter>Header Files</Filter>
    </ClInclude>
    <ClInclude Include="Interfaces\IRenderQueueItem.h">
      <Filter>Header Files</Filter>
    </ClInclude>
    <ClInclude Include="Interfaces\IResizable.h">
      <Filter>Header Files</Filter>
    </ClInclude>
    <ClInclude Include="Interfaces\IUpdateable.h">
      <Filter>Header Files</Filter>
    </ClInclude>
    <ClInclude Include="Interfaces\TIdentifiable.h">
      <Filter>Header Files</Filter>
    </ClInclude>
    <ClInclude Include="Managers\DxDebugTextWriter.h">
      <Filter>Header Files</Filter>
    </ClInclude>
    <ClInclude Include="Managers\DxDeviceManager.h">
      <Filter>Header Files</Filter>
    </ClInclude>
    <ClInclude Include="Managers\DxSceneManager.h">
      <Filter>Header Files</Filter>
    </ClInclude>
    <ClInclude Include="Managers\DxTypes.h">
      <Filter>Header Files</Filter>
    </ClInclude>
    <ClInclude Include="Managers\ResourceManager\DxResourceManager.h">
      <Filter>Header Files</Filter>
    </ClInclude>
    <ClInclude Include="Managers\ResourceManager\IDxResouce.h">
      <Filter>Header Files</Filter>
    </ClInclude>
    <ClInclude Include="Managers\ResourceManager\NoCaseUMapCompare.h">
      <Filter>Header Files</Filter>
    </ClInclude>
    <ClInclude Include="Rendering\DxAmbientLightSource.h">
      <Filter>Header Files</Filter>
    </ClInclude>
    <ClInclude Include="Rendering\DxCameraOrbital.h">
      <Filter>Header Files</Filter>
    </ClInclude>
    <ClInclude Include="Rendering\DxConstBuffer.h">
      <Filter>Header Files</Filter>
    </ClInclude>
    <ClInclude Include="Rendering\DxLightSource.h">
      <Filter>Header Files</Filter>
    </ClInclude>
    <ClInclude Include="Rendering\DxMaterial.h">
      <Filter>Header Files</Filter>
    </ClInclude>
    <ClInclude Include="Rendering\DxMesh.h">
      <Filter>Header Files</Filter>
    </ClInclude>
    <ClInclude Include="Rendering\DxMeshDrawable.h">
      <Filter>Header Files</Filter>
    </ClInclude>
    <ClInclude Include="Rendering\DxScene.h">
      <Filter>Header Files</Filter>
    </ClInclude>
    <ClInclude Include="Rendering\DxShaderProgram.h">
      <Filter>Header Files</Filter>
    </ClInclude>
    <ClInclude Include="Rendering\DXSwapChain.h">
      <Filter>Header Files</Filter>
    </ClInclude>
    <ClInclude Include="Rendering\DxTexture.h">
      <Filter>Header Files</Filter>
    </ClInclude>
    <ClInclude Include="Rendering\DxTextureSamplers.h">
      <Filter>Header Files</Filter>
    </ClInclude>
    <ClInclude Include="SceneGraph\Helpers\SceneGraphParser.h">
      <Filter>Header Files</Filter>
    </ClInclude>
    <ClInclude Include="SceneGraph\NodeTransform\NodeTransform.h">
      <Filter>Header Files</Filter>
    </ClInclude>
    <ClInclude Include="SceneGraph\SceneGraph.h">
      <Filter>Header Files</Filter>
    </ClInclude>
    <ClInclude Include="SceneGraph\SceneNodes\DxBaseNode.h">
      <Filter>Header Files</Filter>
    </ClInclude>
    <ClInclude Include="SceneGraph\SceneNodes\DxMeshNode.h">
      <Filter>Header Files</Filter>
    </ClInclude>
    <ClInclude Include="SceneGraph\SceneNodes\DxModelNode.h">
      <Filter>Header Files</Filter>
    </ClInclude>
    <ClInclude Include="SceneGraph\SceneNodes\DxSceneNode.h">
      <Filter>Header Files</Filter>
    </ClInclude>
    <ClInclude Include="ShaderLoadingHelpers\ShaderLoadingHelpers.h">
      <Filter>Header Files</Filter>
    </ClInclude>
    <ClInclude Include="Tools\COMerrors.h">
      <Filter>Header Files</Filter>
    </ClInclude>
    <ClInclude Include="Tools\tools.h">
      <Filter>Header Files</Filter>
    </ClInclude>
  </ItemGroup>
  <ItemGroup>
    <ClCompile Include="DataTypes\ShaderFiles.cpp">
      <Filter>Source Files</Filter>
    </ClCompile>
    <ClCompile Include="Helpers\DxMeshCreator.cpp">
      <Filter>Source Files</Filter>
    </ClCompile>
    <ClCompile Include="Interfaces\TIdentifiable.cpp">
      <Filter>Source Files</Filter>
    </ClCompile>
    <ClCompile Include="Managers\DxDebugTextWriter.cpp">
      <Filter>Source Files</Filter>
    </ClCompile>
    <ClCompile Include="Managers\DxDeviceManager.cpp">
      <Filter>Source Files</Filter>
    </ClCompile>
    <ClCompile Include="Managers\DxSceneManager.cpp">
      <Filter>Source Files</Filter>
    </ClCompile>
    <ClCompile Include="Managers\ResourceManager\DxResourceManager.cpp">
      <Filter>Source Files</Filter>
    </ClCompile>
    <ClCompile Include="Rendering\DxAmbientLightSource.cpp">
      <Filter>Source Files</Filter>
    </ClCompile>
    <ClCompile Include="Rendering\DxCameraOrbital.cpp">
      <Filter>Source Files</Filter>
    </ClCompile>
    <ClCompile Include="Rendering\DxLightSource.cpp">
      <Filter>Source Files</Filter>
    </ClCompile>
    <ClCompile Include="Rendering\DxMaterial.cpp">
      <Filter>Source Files</Filter>
    </ClCompile>
    <ClCompile Include="Rendering\DxMesh.cpp">
      <Filter>Source Files</Filter>
    </ClCompile>
    <ClCompile Include="Rendering\DxMeshDrawable.cpp">
      <Filter>Source Files</Filter>
    </ClCompile>
    <ClCompile Include="Rendering\DxScene.cpp">
      <Filter>Source Files</Filter>
    </ClCompile>
    <ClCompile Include="Rendering\DxShaderProgram.cpp">
      <Filter>Source Files</Filter>
    </ClCompile>
    <ClCompile Include="Rendering\DXSwapChain.cpp">
      <Filter>Source Files</Filter>
    </ClCompile>
    <ClCompile Include="Rendering\DxTexture.cpp">
      <Filter>Source Files</Filter>
    </ClCompile>
    <ClCompile Include="Rendering\DxTextureSamplers.cpp">
      <Filter>Source Files</Filter>
    </ClCompile>
    <ClCompile Include="SceneGraph\Helpers\SceneGraphParser.cpp">
      <Filter>Source Files</Filter>
    </ClCompile>
    <ClCompile Include="SceneGraph\NodeTransform\NodeTransform.cpp">
      <Filter>Source Files</Filter>
    </ClCompile>
    <ClCompile Include="SceneGraph\SceneGraph.cpp">
      <Filter>Source Files</Filter>
    </ClCompile>
    <ClCompile Include="SceneGraph\SceneNodes\DxBaseNode.cpp">
      <Filter>Source Files</Filter>
    </ClCompile>
    <ClCompile Include="SceneGraph\SceneNodes\DxMeshNode.cpp">
      <Filter>Source Files</Filter>
    </ClCompile>
    <ClCompile Include="SceneGraph\SceneNodes\DxModelNode.cpp">
      <Filter>Source Files</Filter>
    </ClCompile>
    <ClCompile Include="SceneGraph\SceneNodes\DxSceneNode.cpp">
      <Filter>Source Files</Filter>
    </ClCompile>
    <ClCompile Include="ShaderLoadingHelpers\ShaderLoadingHelpers.cpp">
      <Filter>Source Files</Filter>
    </ClCompile>
    <ClCompile Include="Tools\tools.cpp">
      <Filter>Source Files</Filter>
    </ClCompile>
  </ItemGroup>
</Project>