<?xml version="1.0" encoding="utf-8"?>
<Project ToolsVersion="4.0" xmlns="http://schemas.microsoft.com/developer/msbuild/2003">
  <ItemGroup>
    <ClCompile Include="Rldx\DataTypes\ShaderFiles.cpp">
      <Filter>Rldx\DataTypes</Filter>
    </ClCompile>
    <ClCompile Include="Rldx\Creators\DxMeshCreator.cpp">
      <Filter>Rldx\Creators</Filter>
    </ClCompile>
    <ClCompile Include="Rldx\Interfaces\TIdentifiable.cpp">
      <Filter>Rldx\Interfaces</Filter>
    </ClCompile>
    <ClCompile Include="Rldx\Logging\Logging.cpp">
      <Filter>Rldx\Logging</Filter>
    </ClCompile>
    <ClCompile Include="Rldx\Managers\DxDebugTextWriter.cpp">
      <Filter>Rldx\Managers</Filter>
    </ClCompile>
    <ClCompile Include="Rldx\Managers\DxDeviceManager.cpp">
      <Filter>Rldx\Managers</Filter>
    </ClCompile>
    <ClCompile Include="Rldx\Managers\DxSceneManager.cpp">
      <Filter>Rldx\Managers</Filter>
    </ClCompile>
    <ClCompile Include="Rldx\Managers\ResourceManager\DxResourceManager.cpp">
      <Filter>Rldx\Managers\ResourceManager</Filter>
    </ClCompile>
    <ClCompile Include="Rldx\Rendering\DxAmbientLightSource.cpp">
      <Filter>Rldx\Rendering</Filter>
    </ClCompile>
    <ClCompile Include="Rldx\Rendering\DxCameraOrbital.cpp">
      <Filter>Rldx\Rendering</Filter>
    </ClCompile>
    <ClCompile Include="Rldx\Rendering\DxLightSource.cpp">
      <Filter>Rldx\Rendering</Filter>
    </ClCompile>
    <ClCompile Include="Rldx\Rendering\DxMaterial.cpp">
      <Filter>Rldx\Rendering</Filter>
    </ClCompile>
    <ClCompile Include="Rldx\Rendering\DxMesh.cpp">
      <Filter>Rldx\Rendering</Filter>
    </ClCompile>
    <ClCompile Include="Rldx\Rendering\DxMeshRenderData.cpp">
      <Filter>Rldx\Rendering</Filter>
    </ClCompile>
    <ClCompile Include="Rldx\Rendering\DxScene.cpp">
      <Filter>Rldx\Rendering</Filter>
    </ClCompile>
    <ClCompile Include="Rldx\Rendering\DxShaderProgram.cpp">
      <Filter>Rldx\Rendering</Filter>
    </ClCompile>
    <ClCompile Include="Rldx\Rendering\DXSwapChain.cpp">
      <Filter>Rldx\Rendering</Filter>
    </ClCompile>
    <ClCompile Include="Rldx\Rendering\DxTexture.cpp">
      <Filter>Rldx\Rendering</Filter>
    </ClCompile>
    <ClCompile Include="Rldx\Rendering\DxTextureSamplers.cpp">
      <Filter>Rldx\Rendering</Filter>
    </ClCompile>
    <ClCompile Include="Rldx\SceneGraph\Helpers\SceneGraphParser.cpp">
      <Filter>Rldx\SceneGraph\Helpers</Filter>
    </ClCompile>
    <ClCompile Include="Rldx\SceneGraph\NodeTransform\NodeTransform.cpp">
      <Filter>Rldx\SceneGraph\NodeTransform</Filter>
    </ClCompile>
    <ClCompile Include="Rldx\SceneGraph\SceneGraph.cpp">
      <Filter>Rldx\SceneGraph</Filter>
    </ClCompile>
    <ClCompile Include="Rldx\SceneGraph\SceneNodes\DxBaseNode.cpp">
      <Filter>Rldx\SceneGraph\SceneNodes</Filter>
    </ClCompile>
    <ClCompile Include="Rldx\SceneGraph\SceneNodes\DxMeshNode.cpp">
      <Filter>Rldx\SceneGraph\SceneNodes</Filter>
    </ClCompile>
    <ClCompile Include="Rldx\SceneGraph\SceneNodes\DxModelNode.cpp">
      <Filter>Rldx\SceneGraph\SceneNodes</Filter>
    </ClCompile>
    <ClCompile Include="Rldx\ShaderLoadingHelpers\ShaderLoadingHelpers.cpp">
      <Filter>Rldx\ShaderLoadingHelpers</Filter>
    </ClCompile>
    <ClCompile Include="Rldx\Tools\tools.cpp">
      <Filter>Rldx\Tools</Filter>
    </ClCompile>
    <ClCompile Include="Rldx\Creators\DxSceneCreator.cpp">
      <Filter>Rldx\Creators</Filter>
    </ClCompile>
    <ClCompile Include="Rldx\SceneGraph\SceneNodes\DxVariantMeshhNode.cpp" />
    <ClCompile Include="Rldx\SceneGraph\SceneNodes\DxVmdNodes.cpp" />
    <ClCompile Include="Rldx\Managers\VmdManager\DxVmdManager.cpp" />
    <ClCompile Include="Rldx\Managers\VmdManager\Helpers\DxVmdTreeBuilder.cpp" />
    <ClCompile Include="Rldx\Managers\VmdManager\Helpers\VmdNodeCreators.cpp" />
    <ClCompile Include="Rldx\Managers\VmdManager\Helpers\DxVmdAllocator.cpp" />
    <ClCompile Include="Rldx\Helpers\DxMeshCreatorHelper.cpp" />
    <ClCompile Include="Rldx\SceneGraph\SceneNodes\DxDeformerNode.cpp" />
    <ClCompile Include="Rldx\Animation\AnimationPlayer.cpp" />
    <ClCompile Include="Rldx\Animation\FramePoseGenerator.cpp" />
    <ClCompile Include="Rldx\Animation\Skeleton.cpp" />
    <ClCompile Include="Rldx\Rendering\DxMeshRenderBucket.cpp" />
  </ItemGroup>
  <ItemGroup>
    <ClInclude Include="Rldx\Creators\DxGameShaderCreators.h">
      <Filter>Rldx\Creators</Filter>
    </ClInclude>
    <ClInclude Include="Rldx\Creators\DxVmdNodeCreator.h">
      <Filter>Rldx\Creators</Filter>
    </ClInclude>
    <ClInclude Include="Rldx\DataTypes\CommonVertex.h">
      <Filter>Rldx\DataTypes</Filter>
    </ClInclude>
    <ClInclude Include="Rldx\DataTypes\ConstBuffers\CPUConstBuffers.h">
      <Filter>Rldx\DataTypes\ConstBuffers</Filter>
    </ClInclude>
    <ClInclude Include="Rldx\DataTypes\ConstBuffers\CPU_PS_ConstBuffers.h">
      <Filter>Rldx\DataTypes\ConstBuffers</Filter>
    </ClInclude>
    <ClInclude Include="Rldx\DataTypes\ConstBuffers\CPU_VS_ConstBuffers.h">
      <Filter>Rldx\DataTypes\ConstBuffers</Filter>
    </ClInclude>
    <ClInclude Include="Rldx\DataTypes\ConstBuffers\Defs.h">
      <Filter>Rldx\DataTypes\ConstBuffers</Filter>
    </ClInclude>
    <ClInclude Include="Rldx\DataTypes\DerformerData.h">
      <Filter>Rldx\DataTypes</Filter>
    </ClInclude>
    <ClInclude Include="Rldx\DataTypes\DxMeshData.h">
      <Filter>Rldx\DataTypes</Filter>
    </ClInclude>
    <ClInclude Include="Rldx\DataTypes\ShaderFiles.h">
      <Filter>Rldx\DataTypes</Filter>
    </ClInclude>
    <ClInclude Include="Rldx\Creators\DxMeshCreator.h">
      <Filter>Rldx\Creators</Filter>
    </ClInclude>
    <ClInclude Include="Rldx\Creators\DxSceneCreator.h">
      <Filter>Rldx\Creators</Filter>
    </ClInclude>
    <ClInclude Include="Rldx\Helpers\MathHelper.h">
      <Filter>Rldx\Helpers</Filter>
    </ClInclude>
    <ClInclude Include="Rldx\Helpers\StringKeyMap.h">
      <Filter>Rldx\Helpers</Filter>
    </ClInclude>
    <ClInclude Include="Rldx\Interfaces\IBindable.h">
      <Filter>Rldx\Interfaces</Filter>
    </ClInclude>
    <ClInclude Include="Rldx\Interfaces\IDrawable.h">
      <Filter>Rldx\Interfaces</Filter>
    </ClInclude>
    <ClInclude Include="Rldx\Interfaces\IFlushable.h">
      <Filter>Rldx\Interfaces</Filter>
    </ClInclude>
    <ClInclude Include="Rldx\Interfaces\IRenderBucket.h">
      <Filter>Rldx\Interfaces</Filter>
    </ClInclude>
    <ClInclude Include="Rldx\Interfaces\IRenderQueueItem.h">
      <Filter>Rldx\Interfaces</Filter>
    </ClInclude>
    <ClInclude Include="Rldx\Interfaces\IResizable.h">
      <Filter>Rldx\Interfaces</Filter>
    </ClInclude>
    <ClInclude Include="Rldx\Interfaces\IUpdateable.h">
      <Filter>Rldx\Interfaces</Filter>
    </ClInclude>
    <ClInclude Include="Rldx\Interfaces\TIdentifiable.h">
      <Filter>Rldx\Interfaces</Filter>
    </ClInclude>
    <ClInclude Include="Rldx\Logging\Logging.h">
      <Filter>Rldx\Logging</Filter>
    </ClInclude>
    <ClInclude Include="Rldx\Managers\DxDebugTextWriter.h">
      <Filter>Rldx\Managers</Filter>
    </ClInclude>
    <ClInclude Include="Rldx\Managers\DxDeviceManager.h">
      <Filter>Rldx\Managers</Filter>
    </ClInclude>
    <ClInclude Include="Rldx\Managers\DxSceneManager.h">
      <Filter>Rldx\Managers</Filter>
    </ClInclude>
    <ClInclude Include="Rldx\Managers\DxTypes.h">
      <Filter>Rldx\Managers</Filter>
    </ClInclude>
    <ClInclude Include="Rldx\Managers\ResourceManager\DxResourceManager.h">
      <Filter>Rldx\Managers\ResourceManager</Filter>
    </ClInclude>
    <ClInclude Include="Rldx\Managers\ResourceManager\DxResourceByteStream.h">
      <Filter>Rldx\Managers\ResourceManager</Filter>
    </ClInclude>
    <ClInclude Include="Rldx\Managers\ResourceManager\IDxResource.h">
      <Filter>Rldx\Managers\ResourceManager</Filter>
    </ClInclude>
    <ClInclude Include="Rldx\Helpers\NoCaseUMapCompare.h">
      <Filter>Rldx\Helpers</Filter>
    </ClInclude>
    <ClInclude Include="Rldx\Rendering\DxAmbientLightSource.h">
      <Filter>Rldx\Rendering</Filter>
    </ClInclude>
    <ClInclude Include="Rldx\Rendering\DxCameraOrbital.h">
      <Filter>Rldx\Rendering</Filter>
    </ClInclude>
    <ClInclude Include="Rldx\Rendering\DxConstBuffer.h">
      <Filter>Rldx\Rendering</Filter>
    </ClInclude>
    <ClInclude Include="Rldx\Rendering\DxLightSource.h">
      <Filter>Rldx\Rendering</Filter>
    </ClInclude>
    <ClInclude Include="Rldx\Rendering\DxMaterial.h">
      <Filter>Rldx\Rendering</Filter>
    </ClInclude>
    <ClInclude Include="Rldx\Rendering\DxMesh.h">
      <Filter>Rldx\Rendering</Filter>
    </ClInclude>
    <ClInclude Include="Rldx\Rendering\DxMeshRenderData.h">
      <Filter>Rldx\Rendering</Filter>
    </ClInclude>
    <ClInclude Include="Rldx\Rendering\DxScene.h">
      <Filter>Rldx\Rendering</Filter>
    </ClInclude>
    <ClInclude Include="Rldx\Rendering\DxShaderProgram.h">
      <Filter>Rldx\Rendering</Filter>
    </ClInclude>
    <ClInclude Include="Rldx\Rendering\DXSwapChain.h">
      <Filter>Rldx\Rendering</Filter>
    </ClInclude>
    <ClInclude Include="Rldx\Rendering\DxTexture.h">
      <Filter>Rldx\Rendering</Filter>
    </ClInclude>
    <ClInclude Include="Rldx\Rendering\DxTextureSamplers.h">
      <Filter>Rldx\Rendering</Filter>
    </ClInclude>
    <ClInclude Include="Rldx\SceneGraph\Helpers\SceneGraphParser.h">
      <Filter>Rldx\SceneGraph\Helpers</Filter>
    </ClInclude>
    <ClInclude Include="Rldx\SceneGraph\NodeTransform\NodeTransform.h">
      <Filter>Rldx\SceneGraph\NodeTransform</Filter>
    </ClInclude>
    <ClInclude Include="Rldx\SceneGraph\SceneGraph.h">
      <Filter>Rldx\SceneGraph</Filter>
    </ClInclude>
    <ClInclude Include="Rldx\SceneGraph\SceneNodes\DxBaseNode.h">
      <Filter>Rldx\SceneGraph\SceneNodes</Filter>
    </ClInclude>
    <ClInclude Include="Rldx\SceneGraph\SceneNodes\DxMeshNode.h">
      <Filter>Rldx\SceneGraph\SceneNodes</Filter>
    </ClInclude>
    <ClInclude Include="Rldx\SceneGraph\SceneNodes\DxModelNode.h">
      <Filter>Rldx\SceneGraph\SceneNodes</Filter>
    </ClInclude>
    <ClInclude Include="Rldx\SceneGraph\SceneNodes\DxVmdNodes.h">
      <Filter>Rldx\SceneGraph\SceneNodes</Filter>
    </ClInclude>
    <ClInclude Include="Rldx\ShaderLoadingHelpers\ShaderLoadingHelpers.h">
      <Filter>Rldx\ShaderLoadingHelpers</Filter>
    </ClInclude>
    <ClInclude Include="Rldx\Tools\COMerrors.h">
      <Filter>Rldx\Tools</Filter>
    </ClInclude>
    <ClInclude Include="Rldx\Tools\tools.h">
      <Filter>Rldx\Tools</Filter>
    </ClInclude>
    <ClInclude Include="Rldx\SceneGraph\SceneNodes\DxVariantMeshhNode.h" />
    <ClInclude Include="Rldx\Creators\VariantMeshh\VariantMeshCreator.h" />
    <ClInclude Include="Rldx\Managers\VmdManager\DxVmdManager.h" />
    <ClInclude Include="Rldx\Managers\VmdManager\Helpers\DxVmdTreeBuilder.h" />
    <ClInclude Include="Rldx\Managers\VmdManager\Helpers\VmdNodeCreators.h" />
    <ClInclude Include="Rldx\Managers\VmdManager\Helpers\DxMaterialInfoReader.h" />
    <ClInclude Include="Rldx\Managers\VmdManager\Helpers\DxVmdAllocator.h" />
    <ClInclude Include="Rldx\Managers\VmdManager\Helpers\VariantGenerator.h" />
    <ClInclude Include="Rldx\Helpers\DxMeshCreatorHelper.h" />
    <ClInclude Include="Rldx\SceneGraph\SceneNodes\DxDeformerNode.h" />
    <ClInclude Include="Rldx\Animation\AnimationPlayer.h" />
    <ClInclude Include="Rldx\Animation\AnimTrackReader.h" />
    <ClInclude Include="Rldx\Animation\FramePoseGenerator.h" />
    <ClInclude Include="Rldx\Animation\Skeleton.h" />
    <ClInclude Include="Rldx\Animation\SkeletonCreator.h" />
    <ClInclude Include="Rldx\Rendering\DxMeshRenderBucket.h" />
  </ItemGroup>
  <ItemGroup>
    <None Include="Rldx\Logging\Inl\ConsoleColors.inl">
      <Filter>Rldx\Logging\Inl</Filter>
    </None>
    <None Include="Rldx\Logging\Inl\WinConsoleColors.inl">
      <Filter>Rldx\Logging\Inl</Filter>
    </None>
  </ItemGroup>
  <ItemGroup>
    <Filter Include="Rldx">
      <UniqueIdentifier>{01cdf7bc-502f-4366-8ee7-919c4dee00eb}</UniqueIdentifier>
    </Filter>
    <Filter Include="Rldx\RenderResources">
      <UniqueIdentifier>{3d1dbfcc-97d3-4c1d-9e02-9bd4e2b6b017}</UniqueIdentifier>
    </Filter>
    <Filter Include="Rldx\RenderResources\Shaders">
      <UniqueIdentifier>{e1997f17-d660-462b-b3ee-6ad306d19ae2}</UniqueIdentifier>
    </Filter>
    <Filter Include="Rldx\RenderResources\Shaders\include">
      <UniqueIdentifier>{e2cce867-6216-4933-901b-56658edf93c0}</UniqueIdentifier>
    </Filter>
    <Filter Include="Rldx\DataTypes">
      <UniqueIdentifier>{9ba5c02d-b245-462d-bfb4-50c39e295184}</UniqueIdentifier>
    </Filter>
    <Filter Include="Rldx\Creators">
      <UniqueIdentifier>{c9c0b4d5-1b5e-47a7-a42c-22224fec1ecb}</UniqueIdentifier>
    </Filter>
    <Filter Include="Rldx\Interfaces">
      <UniqueIdentifier>{31266335-35fa-41bd-b26a-566f00d8766a}</UniqueIdentifier>
    </Filter>
    <Filter Include="Rldx\Logging">
      <UniqueIdentifier>{159bb926-4f56-4d67-b6d1-a16f44f0ec32}</UniqueIdentifier>
    </Filter>
    <Filter Include="Rldx\Managers">
      <UniqueIdentifier>{8bb83529-6be2-415a-b8ac-34199d8a1f1d}</UniqueIdentifier>
    </Filter>
    <Filter Include="Rldx\Managers\ResourceManager">
      <UniqueIdentifier>{93da6bca-634f-4b75-aefb-9ba2f2c74c64}</UniqueIdentifier>
    </Filter>
    <Filter Include="Rldx\Rendering">
      <UniqueIdentifier>{6d517f5b-74fb-4c6d-843c-5162d8ab9170}</UniqueIdentifier>
    </Filter>
    <Filter Include="Rldx\SceneGraph">
      <UniqueIdentifier>{60290bfe-52f2-4552-abe5-b75001fbd13a}</UniqueIdentifier>
    </Filter>
    <Filter Include="Rldx\SceneGraph\Helpers">
      <UniqueIdentifier>{269dca85-bd58-4ab5-9897-edb1f07c7a0e}</UniqueIdentifier>
    </Filter>
    <Filter Include="Rldx\SceneGraph\NodeTransform">
      <UniqueIdentifier>{6f1e0f36-ab22-4c26-9f6d-c30d03ccffcb}</UniqueIdentifier>
    </Filter>
    <Filter Include="Rldx\SceneGraph\SceneNodes">
      <UniqueIdentifier>{3c5221d0-a503-4333-b3ed-d1b697c2da48}</UniqueIdentifier>
    </Filter>
    <Filter Include="Rldx\ShaderLoadingHelpers">
      <UniqueIdentifier>{b7f033d7-00d8-47de-8f5f-acf7f653d092}</UniqueIdentifier>
    </Filter>
    <Filter Include="Rldx\Tools">
      <UniqueIdentifier>{bea07d4d-90bb-44c2-85a4-8b353e86e1ad}</UniqueIdentifier>
    </Filter>
    <Filter Include="Rldx\DataTypes\ConstBuffers">
      <UniqueIdentifier>{611f5bbf-cd87-4eff-b9a0-0fa33b0e1267}</UniqueIdentifier>
    </Filter>
    <Filter Include="Rldx\Helpers">
      <UniqueIdentifier>{9387e0f2-8b76-465d-be52-f5942e5eae24}</UniqueIdentifier>
    </Filter>
    <Filter Include="Rldx\Logging\Inl">
      <UniqueIdentifier>{302a7c32-0373-4ffe-a44c-3bb09cd6c8f1}</UniqueIdentifier>
    </Filter>
  </ItemGroup>
  <ItemGroup>
    <FxCompile Include="Rldx\RenderResources\Shaders\PS_Troy.hlsl" />
    <FxCompile Include="Rldx\RenderResources\Shaders\PS_Attila_Weigted.hlsl" />
    <FxCompile Include="Rldx\RenderResources\Shaders\PS_NoTextures.hlsl" />
    <FxCompile Include="Rldx\RenderResources\Shaders\PS_Three_Kingdoms.hlsl" />
    <FxCompile Include="Rldx\RenderResources\Shaders\VS_Simple.hlsl" />
    <FxCompile Include="Rldx\RenderResources\Shaders\PS_Simple.hlsl" />
  </ItemGroup>
</Project>