<?xml version="1.0" encoding="utf-8"?>
<Project ToolsVersion="4.0" xmlns="http://schemas.microsoft.com/developer/msbuild/2003">
  <ItemGroup>
    <Filter Include="Source Files">
      <UniqueIdentifier>{4FC737F1-C7A5-4376-A066-2A32D752A2FF}</UniqueIdentifier>
      <Extensions>cpp;c;cc;cxx;c++;cppm;ixx;def;odl;idl;hpj;bat;asm;asmx</Extensions>
    </Filter>
    <Filter Include="Header Files">
      <UniqueIdentifier>{93995380-89BD-4b04-88EB-625FBE52EBFB}</UniqueIdentifier>
      <Extensions>h;hh;hpp;hxx;h++;hm;inl;inc;ipp;xsd</Extensions>
    </Filter>
    <Filter Include="Resource Files">
      <UniqueIdentifier>{67DA6AB6-F800-4c08-8B7A-83BB121AAD01}</UniqueIdentifier>
      <Extensions>rc;ico;cur;bmp;dlg;rc2;rct;bin;rgs;gif;jpg;jpeg;jpe;resx;tiff;tif;png;wav;mfcribbon-ms</Extensions>
    </Filter>
  </ItemGroup>
  <ItemGroup>
    <ClCompile Include="Rldx\DataTypes\ShaderFiles.cpp">
      <Filter>Source Files</Filter>
    </ClCompile>
    <ClCompile Include="Rldx\Creators\DxMeshCreator.cpp">
      <Filter>Source Files</Filter>
    </ClCompile>
    <ClCompile Include="Rldx\Interfaces\TIdentifiable.cpp">
      <Filter>Source Files</Filter>
    </ClCompile>
    <ClCompile Include="Rldx\Logging\Logging.cpp">
      <Filter>Source Files</Filter>
    </ClCompile>
    <ClCompile Include="Rldx\Managers\DxDebugTextWriter.cpp">
      <Filter>Source Files</Filter>
    </ClCompile>
    <ClCompile Include="Rldx\Managers\DxDeviceManager.cpp">
      <Filter>Source Files</Filter>
    </ClCompile>
    <ClCompile Include="Rldx\Managers\DxSceneManager.cpp">
      <Filter>Source Files</Filter>
    </ClCompile>
    <ClCompile Include="Rldx\Managers\ResourceManager\DxResourceManager.cpp">
      <Filter>Source Files</Filter>
    </ClCompile>
    <ClCompile Include="Rldx\Rendering\DxAmbientLightSource.cpp">
      <Filter>Source Files</Filter>
    </ClCompile>
    <ClCompile Include="Rldx\Rendering\DxCameraOrbital.cpp">
      <Filter>Source Files</Filter>
    </ClCompile>
    <ClCompile Include="Rldx\Rendering\DxLightSource.cpp">
      <Filter>Source Files</Filter>
    </ClCompile>
    <ClCompile Include="Rldx\Rendering\DxMaterial.cpp">
      <Filter>Source Files</Filter>
    </ClCompile>
    <ClCompile Include="Rldx\Rendering\DxMesh.cpp">
      <Filter>Source Files</Filter>
    </ClCompile>
    <ClCompile Include="Rldx\Rendering\DxMeshDrawable.cpp">
      <Filter>Source Files</Filter>
    </ClCompile>
    <ClCompile Include="Rldx\Rendering\DxScene.cpp">
      <Filter>Source Files</Filter>
    </ClCompile>
    <ClCompile Include="Rldx\Rendering\DxShaderProgram.cpp">
      <Filter>Source Files</Filter>
    </ClCompile>
    <ClCompile Include="Rldx\Rendering\DXSwapChain.cpp">
      <Filter>Source Files</Filter>
    </ClCompile>
    <ClCompile Include="Rldx\Rendering\DxTexture.cpp">
      <Filter>Source Files</Filter>
    </ClCompile>
    <ClCompile Include="Rldx\Rendering\DxTextureSamplers.cpp">
      <Filter>Source Files</Filter>
    </ClCompile>
    <ClCompile Include="Rldx\SceneGraph\Helpers\SceneGraphParser.cpp">
      <Filter>Source Files</Filter>
    </ClCompile>
    <ClCompile Include="Rldx\SceneGraph\NodeTransform\NodeTransform.cpp">
      <Filter>Source Files</Filter>
    </ClCompile>
    <ClCompile Include="Rldx\SceneGraph\SceneGraph.cpp">
      <Filter>Source Files</Filter>
    </ClCompile>
    <ClCompile Include="Rldx\SceneGraph\SceneNodes\DxBaseNode.cpp">
      <Filter>Source Files</Filter>
    </ClCompile>
    <ClCompile Include="Rldx\SceneGraph\SceneNodes\DxMeshNode.cpp">
      <Filter>Source Files</Filter>
    </ClCompile>
    <ClCompile Include="Rldx\SceneGraph\SceneNodes\DxModelNode.cpp">
      <Filter>Source Files</Filter>
    </ClCompile>
    <ClCompile Include="Rldx\SceneGraph\SceneNodes\DxSceneNode.cpp">
      <Filter>Source Files</Filter>
    </ClCompile>
    <ClCompile Include="Rldx\ShaderLoadingHelpers\ShaderLoadingHelpers.cpp">
      <Filter>Source Files</Filter>
    </ClCompile>
    <ClCompile Include="Rldx\Tools\tools.cpp">
      <Filter>Source Files</Filter>
    </ClCompile>
    <ClCompile Include="Rldx\Creators\DxSceneCreator.cpp">
      <Filter>Header Files</Filter>
    </ClCompile>
  </ItemGroup>
  <ItemGroup>
    <ClInclude Include="Rldx\DataTypes\CommonVertex.h">
      <Filter>Header Files</Filter>
    </ClInclude>
    <ClInclude Include="Rldx\DataTypes\ConstBuffers\CPUConstBuffers.h">
      <Filter>Header Files</Filter>
    </ClInclude>
    <ClInclude Include="Rldx\DataTypes\ConstBuffers\CPU_PS_ConstBuffers.h">
      <Filter>Header Files</Filter>
    </ClInclude>
    <ClInclude Include="Rldx\DataTypes\ConstBuffers\CPU_VS_ConstBuffers.h">
      <Filter>Header Files</Filter>
    </ClInclude>
    <ClInclude Include="Rldx\DataTypes\ConstBuffers\Defs.h">
      <Filter>Header Files</Filter>
    </ClInclude>
    <ClInclude Include="Rldx\DataTypes\DerformerData.h">
      <Filter>Header Files</Filter>
    </ClInclude>
    <ClInclude Include="Rldx\DataTypes\DxMeshData.h">
      <Filter>Header Files</Filter>
    </ClInclude>
    <ClInclude Include="Rldx\DataTypes\ShaderFiles.h">
      <Filter>Header Files</Filter>
    </ClInclude>
    <ClInclude Include="Rldx\Creators\DxMeshCreator.h">
      <Filter>Header Files</Filter>
    </ClInclude>
    <ClInclude Include="Rldx\Helpers\MathHelper.h">
      <Filter>Header Files</Filter>
    </ClInclude>
    <ClInclude Include="Rldx\Helpers\StringKeyMap.h">
      <Filter>Header Files</Filter>
    </ClInclude>
    <ClInclude Include="Rldx\Interfaces\IBindable.h">
      <Filter>Header Files</Filter>
    </ClInclude>
    <ClInclude Include="Rldx\Interfaces\IDrawable.h">
      <Filter>Header Files</Filter>
    </ClInclude>
    <ClInclude Include="Rldx\Interfaces\IFlushable.h">
      <Filter>Header Files</Filter>
    </ClInclude>
    <ClInclude Include="Rldx\Interfaces\IRenderBucket.h">
      <Filter>Header Files</Filter>
    </ClInclude>
    <ClInclude Include="Rldx\Interfaces\IRenderQueueItem.h">
      <Filter>Header Files</Filter>
    </ClInclude>
    <ClInclude Include="Rldx\Interfaces\IResizable.h">
      <Filter>Header Files</Filter>
    </ClInclude>
    <ClInclude Include="Rldx\Interfaces\IUpdateable.h">
      <Filter>Header Files</Filter>
    </ClInclude>
    <ClInclude Include="Rldx\Interfaces\TIdentifiable.h">
      <Filter>Header Files</Filter>
    </ClInclude>
    <ClInclude Include="Rldx\Logging\Logging.h">
      <Filter>Header Files</Filter>
    </ClInclude>
    <ClInclude Include="Rldx\Managers\DxDebugTextWriter.h">
      <Filter>Header Files</Filter>
    </ClInclude>
    <ClInclude Include="Rldx\Managers\DxDeviceManager.h">
      <Filter>Header Files</Filter>
    </ClInclude>
    <ClInclude Include="Rldx\Managers\DxSceneManager.h">
      <Filter>Header Files</Filter>
    </ClInclude>
    <ClInclude Include="Rldx\Managers\DxTypes.h">
      <Filter>Header Files</Filter>
    </ClInclude>
    <ClInclude Include="Rldx\Managers\ResourceManager\DxResourceManager.h">
      <Filter>Header Files</Filter>
    </ClInclude>
    <ClInclude Include="Rldx\Managers\ResourceManager\IDxResource.h">
      <Filter>Header Files</Filter>
    </ClInclude>
    <ClInclude Include="Rldx\Helpers\NoCaseUMapCompare.h">
      <Filter>Header Files</Filter>
    </ClInclude>
    <ClInclude Include="Rldx\Rendering\DxAmbientLightSource.h">
      <Filter>Header Files</Filter>
    </ClInclude>
    <ClInclude Include="Rldx\Rendering\DxCameraOrbital.h">
      <Filter>Header Files</Filter>
    </ClInclude>
    <ClInclude Include="Rldx\Rendering\DxConstBuffer.h">
      <Filter>Header Files</Filter>
    </ClInclude>
    <ClInclude Include="Rldx\Rendering\DxLightSource.h">
      <Filter>Header Files</Filter>
    </ClInclude>
    <ClInclude Include="Rldx\Rendering\DxMaterial.h">
      <Filter>Header Files</Filter>
    </ClInclude>
    <ClInclude Include="Rldx\Rendering\DxMesh.h">
      <Filter>Header Files</Filter>
    </ClInclude>
    <ClInclude Include="Rldx\Rendering\DxMeshDrawable.h">
      <Filter>Header Files</Filter>
    </ClInclude>
    <ClInclude Include="Rldx\Rendering\DxScene.h">
      <Filter>Header Files</Filter>
    </ClInclude>
    <ClInclude Include="Rldx\Rendering\DxShaderProgram.h">
      <Filter>Header Files</Filter>
    </ClInclude>
    <ClInclude Include="Rldx\Rendering\DXSwapChain.h">
      <Filter>Header Files</Filter>
    </ClInclude>
    <ClInclude Include="Rldx\Rendering\DxTexture.h">
      <Filter>Header Files</Filter>
    </ClInclude>
    <ClInclude Include="Rldx\Rendering\DxTextureSamplers.h">
      <Filter>Header Files</Filter>
    </ClInclude>
    <ClInclude Include="Rldx\SceneGraph\Helpers\SceneGraphParser.h">
      <Filter>Header Files</Filter>
    </ClInclude>
    <ClInclude Include="Rldx\SceneGraph\NodeTransform\NodeTransform.h">
      <Filter>Header Files</Filter>
    </ClInclude>
    <ClInclude Include="Rldx\SceneGraph\SceneGraph.h">
      <Filter>Header Files</Filter>
    </ClInclude>
    <ClInclude Include="Rldx\SceneGraph\SceneNodes\DxBaseNode.h">
      <Filter>Header Files</Filter>
    </ClInclude>
    <ClInclude Include="Rldx\SceneGraph\SceneNodes\DxMeshNode.h">
      <Filter>Header Files</Filter>
    </ClInclude>
    <ClInclude Include="Rldx\SceneGraph\SceneNodes\DxModelNode.h">
      <Filter>Header Files</Filter>
    </ClInclude>
    <ClInclude Include="Rldx\SceneGraph\SceneNodes\DxSceneNode.h">
      <Filter>Header Files</Filter>
    </ClInclude>
    <ClInclude Include="Rldx\ShaderLoadingHelpers\ShaderLoadingHelpers.h">
      <Filter>Header Files</Filter>
    </ClInclude>
    <ClInclude Include="Rldx\Tools\COMerrors.h">
      <Filter>Header Files</Filter>
    </ClInclude>
    <ClInclude Include="Rldx\Tools\ModelImporter.h">
      <Filter>Header Files</Filter>
    </ClInclude>
    <ClInclude Include="Rldx\Tools\tools.h">
      <Filter>Header Files</Filter>
    </ClInclude>
    <ClInclude Include="Rldx\Creators\DxSceneCreator.h">
      <Filter>Header Files</Filter>
    </ClInclude>
    <ClInclude Include="Rldx\Creators\DxModelNodeCreator.h">
      <Filter>Header Files</Filter>
    </ClInclude>
    <ClInclude Include="Rldx\Creators\DxGameShaderCreators.h">
      <Filter>Header Files</Filter>
    </ClInclude>
    <ClInclude Include="Rldx\Creators\DxVmdNodeCreator.h">
      <Filter>Header Files</Filter>
    </ClInclude>
    <ClInclude Include="Rldx\SceneGraph\SceneNodes\DxVmdNode.h">
      <Filter>Header Files</Filter>
    </ClInclude>
    <ClInclude Include="Rldx\Managers\ResourceManager\DxResourceByteStream.h">
      <Filter>Header Files</Filter>
    </ClInclude>
  </ItemGroup>
  <ItemGroup>
    <None Include="Rldx\Logging\Inl\ConsoleColors.inl">
      <Filter>Header Files</Filter>
    </None>
    <None Include="Rldx\Logging\Inl\WinConsoleColors.inl">
      <Filter>Header Files</Filter>
    </None>
    <None Include="Rldx\RenderResources\Shaders\include\Attila_Lib.hlsli" />
    <None Include="Rldx\RenderResources\Shaders\include\layout.hlsli" />
    <None Include="Rldx\RenderResources\Shaders\include\math_constants.hlsli" />
    <None Include="Rldx\RenderResources\Shaders\include\pbr_lib.hlsli" />
    <None Include="Rldx\RenderResources\Shaders\include\PS_ConstBuffers.hlsli" />
    <None Include="Rldx\RenderResources\Shaders\include\textures.hlsli" />
    <None Include="Rldx\RenderResources\Shaders\include\tone_mapping.hlsli" />
    <None Include="Rldx\RenderResources\Shaders\include\troy_lib2.hlsli" />
    <None Include="Rldx\RenderResources\Shaders\include\util.hlsli" />
    <None Include="Rldx\RenderResources\Shaders\include\VS_ConstBuffers.hlsli" />
    <None Include="Rldx\RenderResources\Shaders\include\TW3K_Lib.hlsli" />
  </ItemGroup>
  <ItemGroup>
    <FxCompile Include="Rldx\RenderResources\Shaders\PS_NoTextures.hlsl" />
    <FxCompile Include="Rldx\RenderResources\Shaders\PS_Simple.hlsl" />
    <FxCompile Include="Rldx\RenderResources\Shaders\PS_Troy.hlsl" />
    <FxCompile Include="Rldx\RenderResources\Shaders\VS_Simple.hlsl" />
    <FxCompile Include="Rldx\RenderResources\Shaders\PS_Attila_Weigted.hlsl" />
    <FxCompile Include="Rldx\RenderResources\Shaders\PS_Three_Kingdoms.hlsl" />
  </ItemGroup>
</Project>