<?xml version="1.0" encoding="utf-8"?>
<Project ToolsVersion="4.0" xmlns="http://schemas.microsoft.com/developer/msbuild/2003">
  <ItemGroup>
    <Filter Include="Source Files">
      <UniqueIdentifier>{4FC737F1-C7A5-4376-A066-2A32D752A2FF}</UniqueIdentifier>
      <Extensions>cpp;c;cc;cxx;c++;cppm;ixx;def;odl;idl;hpj;bat;asm;asmx</Extensions>
    </Filter>
    <Filter Include="Header Files">
      <UniqueIdentifier>{93995380-89BD-4b04-88EB-625FBE52EBFB}</UniqueIdentifier>
      <Extensions>h;hh;hpp;hxx;h++;hm;inl;inc;ipp;xsd</Extensions>
    </Filter>
    <Filter Include="Resource Files">
      <UniqueIdentifier>{67DA6AB6-F800-4c08-8B7A-83BB121AAD01}</UniqueIdentifier>
      <Extensions>rc;ico;cur;bmp;dlg;rc2;rct;bin;rgs;gif;jpg;jpeg;jpe;resx;tiff;tif;png;wav;mfcribbon-ms</Extensions>
    </Filter>
  </ItemGroup>
  <ItemGroup>
    <ClInclude Include="RigidModel\Creators\FileHeaderCreators.h">
      <Filter>Header Files</Filter>
    </ClInclude>
    <ClInclude Include="RigidModel\Creators\LodHeaderCreators.h">
      <Filter>Header Files</Filter>
    </ClInclude>
    <ClInclude Include="Helpers\ByteStream.h">
      <Filter>Header Files</Filter>
    </ClInclude>
    <ClInclude Include="Helpers\FileHelpers.h">
      <Filter>Header Files</Filter>
    </ClInclude>
    <ClInclude Include="RigidModel\DataTypes\FileHeader.h">
      <Filter>Header Files</Filter>
    </ClInclude>
    <ClInclude Include="RigidModel\DataTypes\LodHeader.h">
      <Filter>Header Files</Filter>
    </ClInclude>
    <ClInclude Include="RigidModel\DataTypes\MeshHeaderType3.h">
      <Filter>Header Files</Filter>
    </ClInclude>
    <ClInclude Include="RigidModel\Readers\RigidModelReader.h">
      <Filter>Header Files</Filter>
    </ClInclude>
    <ClInclude Include="RigidModel\DataTypes\RigidModelFile.h">
      <Filter>Header Files</Filter>
    </ClInclude>
    <ClInclude Include="RigidModel\DataTypes\TextureElement.h">
      <Filter>Header Files</Filter>
    </ClInclude>
    <ClInclude Include="RigidModel\Creators\MeshHeaderType3Creator.h">
      <Filter>Header Files</Filter>
    </ClInclude>
    <ClInclude Include="Helpers\Templates.h">
      <Filter>Header Files</Filter>
    </ClInclude>
    <ClInclude Include="RigidModel\RawStructs\RawLodHeaders.h">
      <Filter>Header Files</Filter>
    </ClInclude>
    <ClInclude Include="RigidModel\RawStructs\RawMeshHeaders.h">
      <Filter>Header Files</Filter>
    </ClInclude>
    <ClInclude Include="RigidModel\Creators\MeshMaterialCreators.h">
      <Filter>Header Files</Filter>
    </ClInclude>
    <ClInclude Include="RigidModel\DataTypes\MeshHeaderType5.h">
      <Filter>Header Files</Filter>
    </ClInclude>
    <ClInclude Include="RigidModel\Creators\Vertices\WeightedVertexCreator.h">
      <Filter>Header Files</Filter>
    </ClInclude>
    <ClInclude Include="RigidModel\Interfaces\ILODHeaderCreator.h">
      <Filter>Header Files</Filter>
    </ClInclude>
    <ClInclude Include="RigidModel\Creators\Vertices\VertexCreators.h">
      <Filter>Header Files</Filter>
    </ClInclude>
    <ClInclude Include="Helpers\DataConversion.h">
      <Filter>Header Files</Filter>
    </ClInclude>
    <ClInclude Include="RigidModel\RawStructs\VerticesRaw.h">
      <Filter>Header Files</Filter>
    </ClInclude>
    <ClInclude Include="RigidModel\DataTypes\AttachElement.h">
      <Filter>Header Files</Filter>
    </ClInclude>
    <ClInclude Include="RigidModel\DataTypes\MaterialBlockCommon.h">
      <Filter>Header Files</Filter>
    </ClInclude>
    <ClInclude Include="RigidModel\Creators\Material\IMaterialCommonCreators.h">
      <Filter>Header Files</Filter>
    </ClInclude>
    <ClInclude Include="RigidModel\Constants\Rmv2Constants.h">
      <Filter>Header Files</Filter>
    </ClInclude>
    <ClInclude Include="RigidModel\Interfaces\IMeshHeader.h">
      <Filter>Header Files</Filter>
    </ClInclude>
    <ClInclude Include="RigidModel\Creators\GameShaders\GameShaderCreators.h">
      <Filter>Header Files</Filter>
    </ClInclude>
    <ClInclude Include="Libs\PugiXML\pugiconfig.hpp">
      <Filter>Header Files</Filter>
    </ClInclude>
    <ClInclude Include="Libs\PugiXML\pugixml.hpp">
      <Filter>Header Files</Filter>
    </ClInclude>
    <ClInclude Include="WsModel\Reader\WsModelReader.h">
      <Filter>Header Files</Filter>
    </ClInclude>
    <ClInclude Include="WsModel\DataTypes\WsModelData.h">
      <Filter>Header Files</Filter>
    </ClInclude>
    <ClInclude Include="XmMaterial\DataTypes\XMLMaterialData.h">
      <Filter>Header Files</Filter>
    </ClInclude>
    <ClInclude Include="RigidModel\DataTypes\IDataStructure.h">
      <Filter>Header Files</Filter>
    </ClInclude>
    <ClInclude Include="Helpers\CustomExceptions.h">
      <Filter>Header Files</Filter>
    </ClInclude>
    <ClInclude Include="XmMaterial\Readers\XmMaterialReader.h">
      <Filter>Header Files</Filter>
    </ClInclude>
    <ClInclude Include="Helpers\TTree.h">
      <Filter>Header Files</Filter>
    </ClInclude>
  </ItemGroup>
  <ItemGroup>
    <ClCompile Include="Helpers\ImportExport.cpp">
      <Filter>Source Files</Filter>
    </ClCompile>
    <ClCompile Include="Helpers\FileHelpers.cpp">
      <Filter>Source Files</Filter>
    </ClCompile>
    <ClCompile Include="RigidModel\Creators\LodHeaderCreators.cpp">
      <Filter>Source Files</Filter>
    </ClCompile>
    <ClCompile Include="RigidModel\Creators\FileHeaderCreators.cpp">
      <Filter>Source Files</Filter>
    </ClCompile>
    <ClCompile Include="RigidModel\Creators\MeshHeaderType3Creator.cpp">
      <Filter>Source Files</Filter>
    </ClCompile>
    <ClCompile Include="RigidModel\Creators\MeshMaterialCreators.cpp">
      <Filter>Source Files</Filter>
    </ClCompile>
    <ClCompile Include="RigidModel\Creators\Material\IMaterialCommonCreators.cpp">
      <Filter>Source Files</Filter>
    </ClCompile>
    <ClCompile Include="RigidModel\Creators\Vertices\VertexCreators.cpp">
      <Filter>Source Files</Filter>
    </ClCompile>
    <ClCompile Include="RigidModel\Readers\RigidModelReader.cpp">
      <Filter>Source Files</Filter>
    </ClCompile>
    <ClCompile Include="Libs\PugiXML\pugixml.cpp">
      <Filter>Source Files</Filter>
    </ClCompile>
    <ClCompile Include="WsModel\Reader\WsModelReader.cpp">
      <Filter>Source Files</Filter>
    </ClCompile>
    <ClCompile Include="XmMaterial\Readers\XmMaterialReader.cpp">
      <Filter>Source Files</Filter>
    </ClCompile>
    <ClCompile Include="Helpers\ByteStream.cpp">
      <Filter>Source Files</Filter>
    </ClCompile>
    <ClCompile Include="WsModel\DataTypes\WsModelData.cpp">
      <Filter>Source Files</Filter>
    </ClCompile>
  </ItemGroup>
  <ItemGroup>
    <None Include="RigidModel\DataTypes\MeshEnumsConstants.h">
      <Filter>Header Files</Filter>
    </None>
    <None Include="RigidModel\Helpers\VertexCAHelpers.inl">
      <Filter>Header Files</Filter>
    </None>
  </ItemGroup>
</Project>